{
    "_readme": [
        "This file locks the dependencies of your project to a known state",
        "Read more about it at https://getcomposer.org/doc/01-basic-usage.md#composer-lock-the-lock-file",
        "This file is @generated automatically"
    ],
    "hash": "cee54b3995cb87d805303d8d0eaa8a79",
    "content-hash": "96dd913e4fd6d068928abc7d6eee4a6b",
    "packages": [
        {
            "name": "container-interop/container-interop",
            "version": "1.1.0",
            "source": {
                "type": "git",
                "url": "https://github.com/container-interop/container-interop.git",
                "reference": "fc08354828f8fd3245f77a66b9e23a6bca48297e"
            },
            "dist": {
                "type": "zip",
                "url": "https://api.github.com/repos/container-interop/container-interop/zipball/fc08354828f8fd3245f77a66b9e23a6bca48297e",
                "reference": "fc08354828f8fd3245f77a66b9e23a6bca48297e",
                "shasum": ""
            },
            "type": "library",
            "autoload": {
                "psr-4": {
                    "Interop\\Container\\": "src/Interop/Container/"
                }
            },
            "notification-url": "https://packagist.org/downloads/",
            "license": [
                "MIT"
            ],
            "description": "Promoting the interoperability of container objects (DIC, SL, etc.)",
            "time": "2014-12-30 15:22:37"
        },
        {
            "name": "evenement/evenement",
            "version": "v2.0.0",
            "source": {
                "type": "git",
                "url": "https://github.com/igorw/evenement.git",
                "reference": "f6e843799fd4f4184d54d8fc7b5b3551c9fa803e"
            },
            "dist": {
                "type": "zip",
                "url": "https://api.github.com/repos/igorw/evenement/zipball/f6e843799fd4f4184d54d8fc7b5b3551c9fa803e",
                "reference": "f6e843799fd4f4184d54d8fc7b5b3551c9fa803e",
                "shasum": ""
            },
            "require": {
                "php": ">=5.4.0"
            },
            "type": "library",
            "extra": {
                "branch-alias": {
                    "dev-master": "2.0-dev"
                }
            },
            "autoload": {
                "psr-0": {
                    "Evenement": "src"
                }
            },
            "notification-url": "https://packagist.org/downloads/",
            "license": [
                "MIT"
            ],
            "authors": [
                {
                    "name": "Igor Wiedler",
                    "email": "igor@wiedler.ch",
                    "homepage": "http://wiedler.ch/igor/"
                }
            ],
            "description": "Événement is a very simple event dispatching library for PHP",
            "keywords": [
                "event-dispatcher",
                "event-emitter"
            ],
            "time": "2012-11-02 14:49:47"
        },
        {
            "name": "guzzlehttp/psr7",
            "version": "1.2.0",
            "source": {
                "type": "git",
                "url": "https://github.com/guzzle/psr7.git",
                "reference": "4ef919b0cf3b1989523138b60163bbcb7ba1ff7e"
            },
            "dist": {
                "type": "zip",
                "url": "https://api.github.com/repos/guzzle/psr7/zipball/4ef919b0cf3b1989523138b60163bbcb7ba1ff7e",
                "reference": "4ef919b0cf3b1989523138b60163bbcb7ba1ff7e",
                "shasum": ""
            },
            "require": {
                "php": ">=5.4.0",
                "psr/http-message": "~1.0"
            },
            "provide": {
                "psr/http-message-implementation": "1.0"
            },
            "require-dev": {
                "phpunit/phpunit": "~4.0"
            },
            "type": "library",
            "extra": {
                "branch-alias": {
                    "dev-master": "1.0-dev"
                }
            },
            "autoload": {
                "psr-4": {
                    "GuzzleHttp\\Psr7\\": "src/"
                },
                "files": [
                    "src/functions_include.php"
                ]
            },
            "notification-url": "https://packagist.org/downloads/",
            "license": [
                "MIT"
            ],
            "authors": [
                {
                    "name": "Michael Dowling",
                    "email": "mtdowling@gmail.com",
                    "homepage": "https://github.com/mtdowling"
                }
            ],
            "description": "PSR-7 message implementation",
            "keywords": [
                "http",
                "message",
                "stream",
                "uri"
            ],
            "time": "2015-08-15 19:32:36"
        },
        {
            "name": "nikic/fast-route",
            "version": "v0.6.0",
            "source": {
                "type": "git",
                "url": "https://github.com/nikic/FastRoute.git",
                "reference": "31fa86924556b80735f98b294a7ffdfb26789f22"
            },
            "dist": {
                "type": "zip",
                "url": "https://api.github.com/repos/nikic/FastRoute/zipball/31fa86924556b80735f98b294a7ffdfb26789f22",
                "reference": "31fa86924556b80735f98b294a7ffdfb26789f22",
                "shasum": ""
            },
            "require": {
                "php": ">=5.4.0"
            },
            "type": "library",
            "autoload": {
                "psr-4": {
                    "FastRoute\\": "src/"
                },
                "files": [
                    "src/functions.php"
                ]
            },
            "notification-url": "https://packagist.org/downloads/",
            "license": [
                "BSD-3-Clause"
            ],
            "authors": [
                {
                    "name": "Nikita Popov",
                    "email": "nikic@php.net"
                }
            ],
            "description": "Fast request router for PHP",
            "keywords": [
                "router",
                "routing"
            ],
            "time": "2015-06-18 19:15:47"
        },
        {
            "name": "psr/http-message",
            "version": "1.0",
            "source": {
                "type": "git",
                "url": "https://github.com/php-fig/http-message.git",
                "reference": "85d63699f0dbedb190bbd4b0d2b9dc707ea4c298"
            },
            "dist": {
                "type": "zip",
                "url": "https://api.github.com/repos/php-fig/http-message/zipball/85d63699f0dbedb190bbd4b0d2b9dc707ea4c298",
                "reference": "85d63699f0dbedb190bbd4b0d2b9dc707ea4c298",
                "shasum": ""
            },
            "require": {
                "php": ">=5.3.0"
            },
            "type": "library",
            "extra": {
                "branch-alias": {
                    "dev-master": "1.0.x-dev"
                }
            },
            "autoload": {
                "psr-4": {
                    "Psr\\Http\\Message\\": "src/"
                }
            },
            "notification-url": "https://packagist.org/downloads/",
            "license": [
                "MIT"
            ],
            "authors": [
                {
                    "name": "PHP-FIG",
                    "homepage": "http://www.php-fig.org/"
                }
            ],
            "description": "Common interface for HTTP messages",
            "keywords": [
                "http",
                "http-message",
                "psr",
                "psr-7",
                "request",
                "response"
            ],
            "time": "2015-05-04 20:22:00"
        },
        {
            "name": "react/event-loop",
            "version": "v0.4.1",
            "source": {
                "type": "git",
                "url": "https://github.com/reactphp/event-loop.git",
                "reference": "18c5297087ca01de85518e2b55078f444144aa1b"
            },
            "dist": {
                "type": "zip",
                "url": "https://api.github.com/repos/reactphp/event-loop/zipball/18c5297087ca01de85518e2b55078f444144aa1b",
                "reference": "18c5297087ca01de85518e2b55078f444144aa1b",
                "shasum": ""
            },
            "require": {
                "php": ">=5.4.0"
            },
            "suggest": {
                "ext-event": "~1.0",
                "ext-libev": "*",
                "ext-libevent": ">=0.1.0"
            },
            "type": "library",
            "extra": {
                "branch-alias": {
                    "dev-master": "0.4-dev"
                }
            },
            "autoload": {
                "psr-4": {
                    "React\\EventLoop\\": ""
                }
            },
            "notification-url": "https://packagist.org/downloads/",
            "license": [
                "MIT"
            ],
            "description": "Event loop abstraction layer that libraries can use for evented I/O.",
            "keywords": [
                "event-loop"
            ],
            "time": "2014-02-26 17:36:58"
        },
        {
            "name": "react/http",
            "version": "v0.4.1",
            "source": {
                "type": "git",
                "url": "https://github.com/reactphp/http.git",
                "reference": "f575989d67b7db0a65f5dd7e431d8f47af6c2f7b"
            },
            "dist": {
                "type": "zip",
                "url": "https://api.github.com/repos/reactphp/http/zipball/f575989d67b7db0a65f5dd7e431d8f47af6c2f7b",
                "reference": "f575989d67b7db0a65f5dd7e431d8f47af6c2f7b",
                "shasum": ""
            },
            "require": {
                "evenement/evenement": "^2.0",
                "guzzlehttp/psr7": "^1.0",
                "php": ">=5.4.0",
                "react/socket": "^0.4",
                "react/stream": "^0.4"
            },
            "type": "library",
            "extra": {
                "branch-alias": {
                    "dev-master": "0.5-dev"
                }
            },
            "autoload": {
                "psr-4": {
                    "React\\Http\\": "src"
                }
            },
            "notification-url": "https://packagist.org/downloads/",
            "license": [
                "MIT"
            ],
            "description": "Library for building an evented http server.",
            "keywords": [
                "http"
            ],
            "time": "2015-05-21 20:12:09"
        },
        {
            "name": "react/promise",
            "version": "v2.2.1",
            "source": {
                "type": "git",
                "url": "https://github.com/reactphp/promise.git",
                "reference": "3b6fca09c7d56321057fa8867c8dbe1abf648627"
            },
            "dist": {
                "type": "zip",
                "url": "https://api.github.com/repos/reactphp/promise/zipball/3b6fca09c7d56321057fa8867c8dbe1abf648627",
                "reference": "3b6fca09c7d56321057fa8867c8dbe1abf648627",
                "shasum": ""
            },
            "require": {
                "php": ">=5.4.0"
            },
            "type": "library",
            "extra": {
                "branch-alias": {
                    "dev-master": "2.0-dev"
                }
            },
            "autoload": {
                "psr-4": {
                    "React\\Promise\\": "src/"
                },
                "files": [
                    "src/functions_include.php"
                ]
            },
            "notification-url": "https://packagist.org/downloads/",
            "license": [
                "MIT"
            ],
            "authors": [
                {
                    "name": "Jan Sorgalla",
                    "email": "jsorgalla@gmail.com"
                }
            ],
            "description": "A lightweight implementation of CommonJS Promises/A for PHP",
            "time": "2015-07-03 13:48:55"
        },
        {
            "name": "react/socket",
            "version": "v0.4.2",
            "source": {
                "type": "git",
                "url": "https://github.com/reactphp/socket.git",
                "reference": "a6acf405ca53fc6cfbfe7c77778ededff46aa7cc"
            },
            "dist": {
                "type": "zip",
                "url": "https://api.github.com/repos/reactphp/socket/zipball/a6acf405ca53fc6cfbfe7c77778ededff46aa7cc",
                "reference": "a6acf405ca53fc6cfbfe7c77778ededff46aa7cc",
                "shasum": ""
            },
            "require": {
                "evenement/evenement": "~2.0",
                "php": ">=5.4.0",
                "react/event-loop": "0.4.*",
                "react/stream": "0.4.*"
            },
            "type": "library",
            "extra": {
                "branch-alias": {
                    "dev-master": "0.4-dev"
                }
            },
            "autoload": {
                "psr-4": {
                    "React\\Socket\\": "src"
                }
            },
            "notification-url": "https://packagist.org/downloads/",
            "license": [
                "MIT"
            ],
            "description": "Library for building an evented socket server.",
            "keywords": [
                "Socket"
            ],
            "time": "2014-05-25 17:02:16"
        },
        {
            "name": "react/stream",
            "version": "v0.4.3",
            "source": {
                "type": "git",
                "url": "https://github.com/reactphp/stream.git",
                "reference": "305b2328d2a2e157bc13b61a0f5c6e41b666b188"
            },
            "dist": {
                "type": "zip",
                "url": "https://api.github.com/repos/reactphp/stream/zipball/305b2328d2a2e157bc13b61a0f5c6e41b666b188",
                "reference": "305b2328d2a2e157bc13b61a0f5c6e41b666b188",
                "shasum": ""
            },
            "require": {
                "evenement/evenement": "^2.0|^1.0",
                "php": ">=5.3.8"
            },
            "require-dev": {
                "react/event-loop": "^0.4|^0.3",
                "react/promise": "^2.0|^1.0"
            },
            "suggest": {
                "react/event-loop": "^0.4",
                "react/promise": "^2.0"
            },
            "type": "library",
            "extra": {
                "branch-alias": {
                    "dev-master": "0.5-dev"
                }
            },
            "autoload": {
                "psr-4": {
                    "React\\Stream\\": "src"
                }
            },
            "notification-url": "https://packagist.org/downloads/",
            "license": [
                "MIT"
            ],
            "description": "Basic readable and writable stream interfaces that support piping.",
            "keywords": [
                "pipe",
                "stream"
            ],
            "time": "2015-10-07 18:32:58"
        },
        {
            "name": "zendframework/zend-diactoros",
            "version": "1.1.4",
            "source": {
                "type": "git",
                "url": "https://github.com/zendframework/zend-diactoros.git",
                "reference": "3f0ce6c0ba2106e018fb514a9f09dbb91eb6bfd0"
            },
            "dist": {
                "type": "zip",
                "url": "https://api.github.com/repos/zendframework/zend-diactoros/zipball/3f0ce6c0ba2106e018fb514a9f09dbb91eb6bfd0",
                "reference": "3f0ce6c0ba2106e018fb514a9f09dbb91eb6bfd0",
                "shasum": ""
            },
            "require": {
                "php": ">=5.4",
                "psr/http-message": "~1.0"
            },
            "provide": {
                "psr/http-message-implementation": "~1.0.0"
            },
            "require-dev": {
                "phpunit/phpunit": "~4.6",
                "squizlabs/php_codesniffer": "^2.3.1"
            },
            "type": "library",
            "extra": {
                "branch-alias": {
                    "dev-master": "1.0-dev",
                    "dev-develop": "1.1-dev"
                }
            },
            "autoload": {
                "psr-4": {
                    "Zend\\Diactoros\\": "src/"
                }
            },
            "notification-url": "https://packagist.org/downloads/",
            "license": [
                "BSD-2-Clause"
            ],
            "description": "PSR HTTP Message implementations",
            "homepage": "https://github.com/zendframework/zend-diactoros",
            "keywords": [
                "http",
                "psr",
                "psr-7"
            ],
            "time": "2015-10-16 15:24:05"
        },
        {
            "name": "zendframework/zend-escaper",
            "version": "2.5.1",
            "source": {
                "type": "git",
                "url": "https://github.com/zendframework/zend-escaper.git",
                "reference": "a4b227d8a477f4e7e9073f8e0a7ae7dbd3104a73"
            },
            "dist": {
                "type": "zip",
                "url": "https://api.github.com/repos/zendframework/zend-escaper/zipball/a4b227d8a477f4e7e9073f8e0a7ae7dbd3104a73",
                "reference": "a4b227d8a477f4e7e9073f8e0a7ae7dbd3104a73",
                "shasum": ""
            },
            "require": {
                "php": ">=5.3.23"
            },
            "require-dev": {
                "fabpot/php-cs-fixer": "1.7.*",
                "phpunit/phpunit": "~4.0"
            },
            "type": "library",
            "extra": {
                "branch-alias": {
                    "dev-master": "2.5-dev",
                    "dev-develop": "2.6-dev"
                }
            },
            "autoload": {
                "psr-4": {
                    "Zend\\Escaper\\": "src/"
                }
            },
            "notification-url": "https://packagist.org/downloads/",
            "license": [
                "BSD-3-Clause"
            ],
            "homepage": "https://github.com/zendframework/zend-escaper",
            "keywords": [
                "escaper",
                "zf2"
            ],
            "time": "2015-06-03 14:05:37"
        },
        {
            "name": "zendframework/zend-expressive",
            "version": "1.0.0rc2",
            "source": {
                "type": "git",
                "url": "https://github.com/zendframework/zend-expressive.git",
                "reference": "7ffd74fff146df5d47cf86a61989ad74081a58c4"
            },
            "dist": {
                "type": "zip",
                "url": "https://api.github.com/repos/zendframework/zend-expressive/zipball/7ffd74fff146df5d47cf86a61989ad74081a58c4",
                "reference": "7ffd74fff146df5d47cf86a61989ad74081a58c4",
                "shasum": ""
            },
            "require": {
                "container-interop/container-interop": "^1.1",
                "php": ">=5.5",
                "psr/http-message": "^1.0",
                "zendframework/zend-diactoros": "^1.1",
                "zendframework/zend-stdlib": "^2.7",
                "zendframework/zend-stratigility": "^1.1"
            },
            "require-dev": {
                "filp/whoops": "^1.1",
                "phpunit/phpunit": "^4.7",
                "squizlabs/php_codesniffer": "^2.3",
                "zendframework/zend-expressive-aurarouter": "~1.0-dev",
                "zendframework/zend-expressive-fastroute": "~1.0-dev",
                "zendframework/zend-expressive-zendrouter": "~1.0-dev",
                "zendframework/zend-servicemanager": "^2.6"
            },
            "suggest": {
                "aura/di": "3.0.*@beta to make use of Aura.Di dependency injection container",
                "filp/whoops": "^1.1 to use the Whoops error handler",
                "mouf/pimple-interop": "^1.0 to use Pimple for dependency injection",
                "zendframework/zend-expressive-aurarouter": "^0.1 to use the Aura.Router routing adapter",
                "zendframework/zend-expressive-fastroute": "^0.1 to use the FastRoute routing adapter",
                "zendframework/zend-expressive-platesrenderer": "^0.1 to use the Plates template renderer",
                "zendframework/zend-expressive-twigrenderer": "^0.1 to use the Twig template renderer",
                "zendframework/zend-expressive-zendrouter": "^0.1 to use the zend-mvc routing adapter",
                "zendframework/zend-expressive-zendviewrenderer": "^0.1 to use the zend-view PhpRenderer template renderer",
                "zendframework/zend-servicemanager": "^2.5 to use zend-servicemanager for dependency injection"
            },
            "type": "library",
            "extra": {
                "branch-alias": {
                    "dev-master": "1.0-dev",
                    "dev-develop": "1.1-dev"
                }
            },
            "autoload": {
                "psr-4": {
                    "Zend\\Expressive\\": "src/"
                }
            },
            "notification-url": "https://packagist.org/downloads/",
            "license": [
                "BSD-3-Clause"
            ],
            "description": "PSR-7 Middleware Microframework based on Stratigility",
            "keywords": [
                "http",
                "middleware",
                "psr",
                "psr-7"
            ],
            "time": "2015-10-20 18:27:19"
        },
        {
            "name": "zendframework/zend-expressive-fastroute",
            "version": "0.2.0",
            "source": {
                "type": "git",
                "url": "https://github.com/zendframework/zend-expressive-fastroute.git",
                "reference": "40307e9ae4003cc1632b51455ba8cd86bcb0c6b3"
            },
            "dist": {
                "type": "zip",
                "url": "https://api.github.com/repos/zendframework/zend-expressive-fastroute/zipball/40307e9ae4003cc1632b51455ba8cd86bcb0c6b3",
                "reference": "40307e9ae4003cc1632b51455ba8cd86bcb0c6b3",
                "shasum": ""
            },
            "require": {
                "nikic/fast-route": "^0.6.0",
                "php": ">=5.5",
                "psr/http-message": "^1.0",
                "zendframework/zend-expressive": "^1.0@rc"
            },
            "require-dev": {
                "phpunit/phpunit": "^4.7",
                "squizlabs/php_codesniffer": "^2.3"
            },
            "type": "library",
            "extra": {
                "branch-alias": {
                    "dev-master": "1.0-dev"
                }
            },
            "autoload": {
                "psr-4": {
                    "Zend\\Expressive\\Router\\": "src/"
                }
            },
            "notification-url": "https://packagist.org/downloads/",
            "license": [
                "BSD-3-Clause"
            ],
            "description": "FastRoute integration for Expressive",
            "keywords": [
                "FastRoute",
                "expressive",
                "http",
                "middleware",
                "psr",
                "psr-7"
            ],
            "time": "2015-10-20 18:01:39"
        },
        {
            "name": "zendframework/zend-hydrator",
            "version": "1.0.0",
            "source": {
                "type": "git",
                "url": "https://github.com/zendframework/zend-hydrator.git",
                "reference": "f3ed8b833355140350bbed98d8a7b8b66875903f"
            },
            "dist": {
                "type": "zip",
                "url": "https://api.github.com/repos/zendframework/zend-hydrator/zipball/f3ed8b833355140350bbed98d8a7b8b66875903f",
                "reference": "f3ed8b833355140350bbed98d8a7b8b66875903f",
                "shasum": ""
            },
            "require": {
                "php": ">=5.5",
                "zendframework/zend-stdlib": "^2.5.1"
            },
            "require-dev": {
                "phpunit/phpunit": "~4.0",
                "squizlabs/php_codesniffer": "^2.0@dev",
                "zendframework/zend-eventmanager": "^2.5.1",
                "zendframework/zend-filter": "^2.5.1",
                "zendframework/zend-inputfilter": "^2.5.1",
                "zendframework/zend-serializer": "^2.5.1",
                "zendframework/zend-servicemanager": "^2.5.1"
            },
            "suggest": {
                "zendframework/zend-eventmanager": "^2.5.1, to support aggregate hydrator usage",
                "zendframework/zend-filter": "^2.5.1, to support naming strategy hydrator usage",
                "zendframework/zend-serializer": "^2.5.1, to use the SerializableStrategy",
                "zendframework/zend-servicemanager": "^2.5.1, to support hydrator plugin manager usage"
            },
            "type": "library",
            "extra": {
                "branch-alias": {
                    "dev-master": "1.0-dev",
                    "dev-develop": "1.1-dev"
                }
            },
            "autoload": {
                "psr-4": {
                    "Zend\\Hydrator\\": "src/"
                }
            },
            "notification-url": "https://packagist.org/downloads/",
            "license": [
                "BSD-3-Clause"
            ],
            "homepage": "https://github.com/zendframework/zend-hydrator",
            "keywords": [
                "hydrator",
                "zf2"
            ],
            "time": "2015-09-17 14:06:43"
        },
        {
            "name": "zendframework/zend-servicemanager",
            "version": "2.6.0",
            "source": {
                "type": "git",
                "url": "https://github.com/zendframework/zend-servicemanager.git",
                "reference": "1dc33f23bd0a7f4d8ba743b915fae523d356027a"
            },
            "dist": {
                "type": "zip",
                "url": "https://api.github.com/repos/zendframework/zend-servicemanager/zipball/1dc33f23bd0a7f4d8ba743b915fae523d356027a",
                "reference": "1dc33f23bd0a7f4d8ba743b915fae523d356027a",
                "shasum": ""
            },
            "require": {
                "container-interop/container-interop": "~1.0",
                "php": ">=5.5"
            },
            "require-dev": {
                "fabpot/php-cs-fixer": "1.7.*",
                "phpunit/phpunit": "~4.0",
                "zendframework/zend-di": "~2.5",
                "zendframework/zend-mvc": "~2.5"
            },
            "suggest": {
                "ocramius/proxy-manager": "ProxyManager 0.5.* to handle lazy initialization of services",
                "zendframework/zend-di": "Zend\\Di component"
            },
            "type": "library",
            "extra": {
                "branch-alias": {
                    "dev-master": "2.6-dev",
                    "dev-develop": "2.7-dev"
                }
            },
            "autoload": {
                "psr-4": {
                    "Zend\\ServiceManager\\": "src/"
                }
            },
            "notification-url": "https://packagist.org/downloads/",
            "license": [
                "BSD-3-Clause"
            ],
            "homepage": "https://github.com/zendframework/zend-servicemanager",
            "keywords": [
                "servicemanager",
                "zf2"
            ],
            "time": "2015-07-23 21:49:08"
        },
        {
            "name": "zendframework/zend-stdlib",
            "version": "2.7.4",
            "source": {
                "type": "git",
                "url": "https://github.com/zendframework/zend-stdlib.git",
                "reference": "cae029346a33663b998507f94962eb27de060683"
            },
            "dist": {
                "type": "zip",
                "url": "https://api.github.com/repos/zendframework/zend-stdlib/zipball/cae029346a33663b998507f94962eb27de060683",
                "reference": "cae029346a33663b998507f94962eb27de060683",
                "shasum": ""
            },
            "require": {
                "php": ">=5.5",
                "zendframework/zend-hydrator": "~1.0"
            },
            "require-dev": {
                "athletic/athletic": "~0.1",
                "fabpot/php-cs-fixer": "1.7.*",
                "phpunit/phpunit": "~4.0",
                "zendframework/zend-config": "~2.5",
                "zendframework/zend-eventmanager": "~2.5",
                "zendframework/zend-filter": "~2.5",
                "zendframework/zend-inputfilter": "~2.5",
                "zendframework/zend-serializer": "~2.5",
                "zendframework/zend-servicemanager": "~2.5"
            },
            "suggest": {
                "zendframework/zend-eventmanager": "To support aggregate hydrator usage",
                "zendframework/zend-filter": "To support naming strategy hydrator usage",
                "zendframework/zend-serializer": "Zend\\Serializer component",
                "zendframework/zend-servicemanager": "To support hydrator plugin manager usage"
            },
            "type": "library",
            "extra": {
                "branch-alias": {
                    "dev-master": "2.7-dev",
                    "dev-develop": "2.8-dev"
                }
            },
            "autoload": {
                "psr-4": {
                    "Zend\\Stdlib\\": "src/"
                }
            },
            "notification-url": "https://packagist.org/downloads/",
            "license": [
                "BSD-3-Clause"
            ],
            "homepage": "https://github.com/zendframework/zend-stdlib",
            "keywords": [
                "stdlib",
                "zf2"
            ],
            "time": "2015-10-15 15:57:32"
        },
        {
            "name": "zendframework/zend-stratigility",
            "version": "1.1.2",
            "source": {
                "type": "git",
                "url": "https://github.com/zendframework/zend-stratigility.git",
                "reference": "8c01ddf62131f67c51f51dad7fa433374aa68a27"
            },
            "dist": {
                "type": "zip",
                "url": "https://api.github.com/repos/zendframework/zend-stratigility/zipball/8c01ddf62131f67c51f51dad7fa433374aa68a27",
                "reference": "8c01ddf62131f67c51f51dad7fa433374aa68a27",
                "shasum": ""
            },
            "require": {
                "php": ">=5.4.8",
                "psr/http-message": "~1.0.0",
                "zendframework/zend-escaper": "~2.3"
            },
            "require-dev": {
                "phpunit/phpunit": "~4.7",
                "squizlabs/php_codesniffer": "^2.3.1",
                "zendframework/zend-diactoros": "~1.0"
            },
            "suggest": {
                "psr/http-message-implementation": "Please install a psr/http-message-implementation to consume Stratigility; e.g., zendframework/zend-diactoros"
            },
            "type": "library",
            "extra": {
                "branch-alias": {
                    "dev-master": "1.0-dev",
                    "dev-develop": "1.1-dev"
                }
            },
            "autoload": {
                "psr-4": {
                    "Zend\\Stratigility\\": "src/"
                }
            },
            "notification-url": "https://packagist.org/downloads/",
            "license": [
                "BSD-3-Clause"
            ],
            "description": "Middleware for PHP",
            "homepage": "https://github.com/zendframework/zend-stratigility",
            "keywords": [
                "http",
                "middleware",
                "psr-7"
            ],
            "time": "2015-10-09 20:16:34"
        }
    ],
    "packages-dev": [],
    "aliases": [],
    "minimum-stability": "stable",
    "stability-flags": {
        "zendframework/zend-expressive": 5
    },
    "prefer-stable": false,
    "prefer-lowest": false,
    "platform": [],
    "platform-dev": []
}
